
Microsoft Visual Studio Solution File, Format Version 12.00
# Visual Studio Version 17
VisualStudioVersion = 17.2.32516.85
MinimumVisualStudioVersion = 10.0.40219.1
Project("{FAE04EC0-301F-11D3-BF4B-00C04F79EFBC}") = "POOConcepts", "POOConcepts\POOConcepts.csproj", "{4DD5DE52-F771-4CA8-89CA-AFA86BABFC9A}"
EndProject
Global
	GlobalSection(SolutionConfigurationPlatforms) = preSolution
		Debug|Any CPU = Debug|Any CPU
		Release|Any CPU = Release|Any CPU
	EndGlobalSection
	GlobalSection(ProjectConfigurationPlatforms) = postSolution
		{4DD5DE52-F771-4CA8-89CA-AFA86BABFC9A}.Debug|Any CPU.ActiveCfg = Debug|Any CPU
		{4DD5DE52-F771-4CA8-89CA-AFA86BABFC9A}.Debug|Any CPU.Build.0 = Debug|Any CPU
		{4DD5DE52-F771-4CA8-89CA-AFA86BABFC9A}.Release|Any CPU.ActiveCfg = Release|Any CPU
		{4DD5DE52-F771-4CA8-89CA-AFA86BABFC9A}.Release|Any CPU.Build.0 = Release|Any CPU
	EndGlobalSection
	GlobalSection(SolutionProperties) = preSolution
		HideSolutionNode = FALSE
	EndGlobalSection
	GlobalSection(ExtensibilityGlobals) = postSolution
		SolutionGuid = {0284FA7E-6BDE-4FAA-AC16-CAAE16993F94}
	EndGlobalSection
EndGlobal
